# This file is machine-generated by `gh actions-lock`.
# Do not edit by hand; run `gh actions-lock` to update.
# Docs: https://gh.io/actions-lockfile
version: 'v0.0.2'
workflows:
    '.github/workflows/action-example-checker.yaml':
        - 'actions/checkout@v7.0.1'
        - 'jessehouwing/actions-example-checker@v0.0.11'
        - 'step-security/harden-runner@v2.21.0'
    '.github/workflows/actions-dependency-submission.yml':
        - 'actions/checkout@v7.0.1'
        - 'actions/dependency-review-action@v5.0.0'
        - 'jessehouwing/actions-dependency-submission@v1.0.15'
        - 'step-security/harden-runner@v2.21.0'
    '.github/workflows/actions-semver-checker.yml':
        - 'jessehouwing/actions-semver-checker@v2.1.0'
        - 'step-security/harden-runner@v2.21.0'
    '.github/workflows/check-dist.yml':
        - 'actions/checkout@v7.0.1'
        - 'actions/setup-node@v7.0.0'
        - 'actions/upload-artifact@v7.0.1'
        - 'licensee/setup-licensed@v1.3.2'
        - 'ruby/setup-ruby@v1.321.0'
        - 'step-security/harden-runner@v2.21.0'
    '.github/workflows/ci.yml':
        - 'actions/checkout@v7.0.1'
        - 'actions/setup-node@v7.0.0'
        - 'step-security/harden-runner@v2.21.0'
    '.github/workflows/copilot-setup-steps.yml':
        - 'actions/checkout@v7.0.1'
        - 'actions/setup-node@v7.0.0'
        - 'step-security/harden-runner@v2.21.0'
    '.github/workflows/licensed.yml':
        - 'actions/checkout@v7.0.1'
        - 'actions/setup-node@v7.0.0'
        - 'licensee/setup-licensed@v1.3.2'
        - 'ruby/setup-ruby@v1.321.0'
        - 'step-security/harden-runner@v2.21.0'
    '.github/workflows/linter.yml':
        - 'actions/checkout@v7.0.1'
        - 'actions/setup-node@v7.0.0'
        - 'ibiqlik/action-yamllint@v3.1.1'
        - 'raven-actions/actionlint@v2.2.0'
        - 'step-security/harden-runner@v2.21.0'
dependencies:
    'actions/cache@27d5ce7f107fe9357f9df03efb73ab90386fccae':
        ref: 'v5.0.5'
        commit: 'sha1-27d5ce7f107fe9357f9df03efb73ab90386fccae'
        owner_id: 44036562
        repo_id: 215566462
    'actions/checkout@v7.0.1':
        ref: 'v7.0.1'
        commit: 'sha1-3d3c42e5aac5ba805825da76410c181273ba90b1'
        owner_id: 44036562
        repo_id: 197814629
    'actions/dependency-review-action@v5.0.0':
        ref: 'v5.0.0'
        commit: 'sha1-a1d282b36b6f3519aa1f3fc636f609c47dddb294'
        owner_id: 44036562
        repo_id: 476372928
    'actions/github-script@3a2844b7e9c422d3c10d287c895573f7108da1b3':
        ref: 'v9.0.0'
        commit: 'sha1-3a2844b7e9c422d3c10d287c895573f7108da1b3'
        owner_id: 44036562
        repo_id: 205262760
    'actions/setup-node@v7.0.0':
        ref: 'v7.0.0'
        commit: 'sha1-820762786026740c76f36085b0efc47a31fe5020'
        owner_id: 44036562
        repo_id: 189476904
    'actions/upload-artifact@v7.0.1':
        ref: 'v7.0.1'
        commit: 'sha1-043fb46d1a93c77aae656e7c1c64a875d1fc6a0a'
        owner_id: 44036562
        repo_id: 192625955
    'ibiqlik/action-yamllint@v3.1.1':
        ref: 'v3.1.1'
        commit: 'sha1-2576378a8e339169678f9939646ee3ee325e845c'
        owner_id: 13883414
        repo_id: 215496380
    'jessehouwing/actions-dependency-submission@v1.0.15':
        ref: 'v1.0.15'
        commit: 'sha1-d4ed9fd03b1c91e31a62d9a4095440128ec1316b'
        owner_id: 4173387
        repo_id: 1109249632
    'jessehouwing/actions-example-checker@v0.0.11':
        ref: 'v0.0.11'
        commit: 'sha1-eb2c287585cd48847abc0d3012e861918793561f'
        owner_id: 4173387
        repo_id: 1161059458
    'jessehouwing/actions-semver-checker@v2.1.0':
        ref: 'v2.1.0'
        commit: 'sha1-1d5f1c217079bb5366ed9b12025fcece100f6bc5'
        owner_id: 4173387
        repo_id: 684124547
    'licensee/setup-licensed@v1.3.2':
        ref: 'v1.3.2'
        commit: 'sha1-0d52e575b3258417672be0dff2f115d7db8771d8'
        owner_id: 47460333
        repo_id: 927966380
    'raven-actions/actionlint@v2.2.0':
        ref: 'v2.2.0'
        commit: 'sha1-3d39aea434753780c3b3d4a1a31c854b4dbf49d7'
        owner_id: 132849748
        repo_id: 634710241
        uses:
            - 'actions/cache@27d5ce7f107fe9357f9df03efb73ab90386fccae'
            - 'actions/github-script@3a2844b7e9c422d3c10d287c895573f7108da1b3'
    'ruby/setup-ruby@v1.321.0':
        ref: 'v1.321.0'
        commit: 'sha1-95ef2b042f9d7a56d8268cba8559e2842e2ad01b'
        owner_id: 210414
        repo_id: 231208785
    'step-security/harden-runner@v2.21.0':
        ref: 'v2.21.0'
        commit: 'sha1-05e31511f85b41b11d1cf0ef85d0992719546e2c'
        owner_id: 88700172
        repo_id: 422287306
